
Microsoft Visual Studio Solution File, Format Version 12.00
# Visual Studio Version 16
VisualStudioVersion = 16.0.31424.327
MinimumVisualStudioVersion = 10.0.40219.1
Project("{FAE04EC0-301F-11D3-BF4B-00C04F79EFBC}") = "Activity4", "Activity4\Activity4.csproj", "{BB466C77-076D-404D-A4AE-DEAF7D009571}"
EndProject
Project("{FAE04EC0-301F-11D3-BF4B-00C04F79EFBC}") = "Activity4BL", "Activity4BL\Activity4BL.csproj", "{13E14549-4E6E-4F66-A63D-BB240168868A}"
EndProject
Project("{FAE04EC0-301F-11D3-BF4B-00C04F79EFBC}") = "Activity4BLTests", "Activity4BLTests\Activity4BLTests.csproj", "{008EAD40-EF44-41C5-8F7B-21D08D67F49F}"
EndProject
Global
	GlobalSection(SolutionConfigurationPlatforms) = preSolution
		Debug|Any CPU = Debug|Any CPU
		Release|Any CPU = Release|Any CPU
	EndGlobalSection
	GlobalSection(ProjectConfigurationPlatforms) = postSolution
		{BB466C77-076D-404D-A4AE-DEAF7D009571}.Debug|Any CPU.ActiveCfg = Debug|Any CPU
		{BB466C77-076D-404D-A4AE-DEAF7D009571}.Debug|Any CPU.Build.0 = Debug|Any CPU
		{BB466C77-076D-404D-A4AE-DEAF7D009571}.Release|Any CPU.ActiveCfg = Release|Any CPU
		{BB466C77-076D-404D-A4AE-DEAF7D009571}.Release|Any CPU.Build.0 = Release|Any CPU
		{13E14549-4E6E-4F66-A63D-BB240168868A}.Debug|Any CPU.ActiveCfg = Debug|Any CPU
		{13E14549-4E6E-4F66-A63D-BB240168868A}.Debug|Any CPU.Build.0 = Debug|Any CPU
		{13E14549-4E6E-4F66-A63D-BB240168868A}.Release|Any CPU.ActiveCfg = Release|Any CPU
		{13E14549-4E6E-4F66-A63D-BB240168868A}.Release|Any CPU.Build.0 = Release|Any CPU
		{008EAD40-EF44-41C5-8F7B-21D08D67F49F}.Debug|Any CPU.ActiveCfg = Debug|Any CPU
		{008EAD40-EF44-41C5-8F7B-21D08D67F49F}.Debug|Any CPU.Build.0 = Debug|Any CPU
		{008EAD40-EF44-41C5-8F7B-21D08D67F49F}.Release|Any CPU.ActiveCfg = Release|Any CPU
		{008EAD40-EF44-41C5-8F7B-21D08D67F49F}.Release|Any CPU.Build.0 = Release|Any CPU
	EndGlobalSection
	GlobalSection(SolutionProperties) = preSolution
		HideSolutionNode = FALSE
	EndGlobalSection
	GlobalSection(ExtensibilityGlobals) = postSolution
		SolutionGuid = {5BF683EE-FBB6-4BFD-915F-3D7D32E2D227}
	EndGlobalSection
EndGlobal
